
Microsoft Visual Studio Solution File, Format Version 12.00
# Visual Studio Version 16
VisualStudioVersion = 16.0.29215.179
MinimumVisualStudioVersion = 10.0.40219.1
Project("{FAE04EC0-301F-11D3-BF4B-00C04F79EFBC}") = "POC EF Core 3", "POC EF Core 3\POC EF Core 3.csproj", "{2C826649-2CC4-4694-8892-CCB3707034ED}"
EndProject
Global
	GlobalSection(SolutionConfigurationPlatforms) = preSolution
		Debug|Any CPU = Debug|Any CPU
		Release|Any CPU = Release|Any CPU
	EndGlobalSection
	GlobalSection(ProjectConfigurationPlatforms) = postSolution
		{2C826649-2CC4-4694-8892-CCB3707034ED}.Debug|Any CPU.ActiveCfg = Debug|Any CPU
		{2C826649-2CC4-4694-8892-CCB3707034ED}.Debug|Any CPU.Build.0 = Debug|Any CPU
		{2C826649-2CC4-4694-8892-CCB3707034ED}.Release|Any CPU.ActiveCfg = Release|Any CPU
		{2C826649-2CC4-4694-8892-CCB3707034ED}.Release|Any CPU.Build.0 = Release|Any CPU
	EndGlobalSection
	GlobalSection(SolutionProperties) = preSolution
		HideSolutionNode = FALSE
	EndGlobalSection
	GlobalSection(ExtensibilityGlobals) = postSolution
		SolutionGuid = {5C64C571-F46D-4ED4-9650-B9FAB6F006F6}
	EndGlobalSection
EndGlobal
